
Microsoft Visual Studio Solution File, Format Version 12.00
# Visual Studio 15
VisualStudioVersion = 15.0.27428.2015
MinimumVisualStudioVersion = 10.0.40219.1
Project("{FAE04EC0-301F-11D3-BF4B-00C04F79EFBC}") = "AgerGame", "AgerGame\AgerGame.csproj", "{F19E7CC0-EBC7-4C1E-95C9-9E9959F07912}"
EndProject
Global
	GlobalSection(SolutionConfigurationPlatforms) = preSolution
		Debug|Any CPU = Debug|Any CPU
		Release|Any CPU = Release|Any CPU
	EndGlobalSection
	GlobalSection(ProjectConfigurationPlatforms) = postSolution
		{F19E7CC0-EBC7-4C1E-95C9-9E9959F07912}.Debug|Any CPU.ActiveCfg = Debug|Any CPU
		{F19E7CC0-EBC7-4C1E-95C9-9E9959F07912}.Debug|Any CPU.Build.0 = Debug|Any CPU
		{F19E7CC0-EBC7-4C1E-95C9-9E9959F07912}.Release|Any CPU.ActiveCfg = Release|Any CPU
		{F19E7CC0-EBC7-4C1E-95C9-9E9959F07912}.Release|Any CPU.Build.0 = Release|Any CPU
	EndGlobalSection
	GlobalSection(SolutionProperties) = preSolution
		HideSolutionNode = FALSE
	EndGlobalSection
	GlobalSection(ExtensibilityGlobals) = postSolution
		SolutionGuid = {865A9FFB-8E88-47E8-A6F6-2882F7959F64}
	EndGlobalSection
EndGlobal
